GEM
  remote: https://rubygems.org/
  remote: https://packagecloud.io/heroku/gemgate/
  specs:
    activesupport (5.2.4.3)
      concurrent-ruby (~> 1.0, >= 1.0.2)
      i18n (>= 0.7, < 2)
      minitest (~> 5.1)
      tzinfo (~> 1.1)
    addressable (2.7.0)
      public_suffix (>= 2.0.2, < 5.0)
    backports (3.17.2)
    blacklist_hash (2.0.0)
    byebug (11.0.1)
    clockwork (2.0.3)
      tzinfo
    coderay (1.1.2)
    committee (3.0.1)
      json_schema (~> 0.14, >= 0.14.3)
      openapi_parser (>= 0.2.2)
      rack (>= 1.5)
    concurrent-ruby (1.1.6)
    connection_pool (2.2.2)
    crack (0.4.3)
      safe_yaml (~> 1.0.0)
    database_cleaner (1.7.0)
    diff-lcs (1.3)
    dotenv (2.7.5)
    erubis (2.7.0)
    excon (0.73.0)
    fabrication (2.20.1)
    faker (1.9.3)
      i18n (>= 0.7)
    ffi (1.10.0)
    formatador (0.2.5)
    guard (2.15.0)
      formatador (>= 0.2.4)
      listen (>= 2.7, < 4.0)
      lumberjack (>= 1.0.12, < 2.0)
      nenv (~> 0.1)
      notiffany (~> 0.0)
      pry (>= 0.9.12)
      shellany (~> 0.0)
      thor (>= 0.18.1)
    guard-compat (1.2.1)
    guard-rspec (4.7.3)
      guard (~> 2.1)
      guard-compat (~> 1.1)
      rspec (>= 2.99.0, < 4.0)
    hashdiff (1.0.0)
    http_accept (0.1.6)
    i18n (1.8.2)
      concurrent-ruby (~> 1.0)
    json_schema (0.20.8)
    listen (3.1.5)
      rb-fsevent (~> 0.9, >= 0.9.4)
      rb-inotify (~> 0.9, >= 0.9.7)
      ruby_dep (~> 1.2)
    lumberjack (1.0.13)
    mail (2.7.1)
      mini_mime (>= 0.1.1)
    method_source (0.9.2)
    mini_mime (1.0.1)
    minitest (5.14.1)
    multi_json (1.14.1)
    mustermann (1.1.1)
      ruby2_keywords (~> 0.0.1)
    nenv (0.3.0)
    notiffany (0.1.1)
      nenv (~> 0.1)
      shellany (~> 0.0)
    oj (3.7.11)
    openapi_parser (0.2.3)
    pg (1.1.4)
    pliny (0.27.1)
      activesupport (~> 5.0, >= 5.0.1)
      http_accept (~> 0.1, >= 0.1.5)
      multi_json (~> 1.9, >= 1.9.3)
      prmd (~> 0.11, >= 0.11.4)
      sinatra (>= 1.4, < 3.0)
      sinatra-router (~> 0.2, >= 0.2.4)
      thor (~> 0.19, >= 0.19.1)
    prmd (0.13.0)
      erubis (~> 2.7)
      json_schema (~> 0.3, >= 0.3.1)
    pry (0.12.2)
      coderay (~> 1.1.0)
      method_source (~> 0.9.0)
    pry-byebug (3.7.0)
      byebug (~> 11.0)
      pry (~> 0.10)
    pry-doc (1.0.0)
      pry (~> 0.11)
      yard (~> 0.9.11)
    public_suffix (4.0.1)
    puma (3.12.6)
    rack (2.2.3)
    rack-protection (2.0.8.1)
      rack
    rack-ssl (1.4.1)
      rack
    rack-test (1.1.0)
      rack (>= 1.0, < 3)
    rack-timeout (0.5.1)
    rake (12.3.3)
    rb-fsevent (0.10.3)
    rb-inotify (0.10.0)
      ffi (~> 1.0)
    redcarpet (3.4.0)
    redis (4.1.2)
    rollbar (2.22.1)
    rollbar-blanket (1.0.0)
    rspec (3.8.0)
      rspec-core (~> 3.8.0)
      rspec-expectations (~> 3.8.0)
      rspec-mocks (~> 3.8.0)
    rspec-core (3.8.2)
      rspec-support (~> 3.8.0)
    rspec-expectations (3.8.4)
      diff-lcs (>= 1.2.0, < 2.0)
      rspec-support (~> 3.8.0)
    rspec-mocks (3.8.1)
      diff-lcs (>= 1.2.0, < 2.0)
      rspec-support (~> 3.8.0)
    rspec-support (3.8.2)
    ruby2_keywords (0.0.2)
    ruby_dep (1.5.0)
    safe_yaml (1.0.5)
    sequel (4.49.0)
    sequel-paranoid (0.7.0)
      sequel
    sequel_pg (1.12.0)
      pg (>= 0.18.0)
      sequel (>= 4.38.0)
    shellany (0.0.1)
    sidekiq (5.2.5)
      connection_pool (~> 2.2, >= 2.2.2)
      rack (>= 1.5.0)
      rack-protection (>= 1.5.0)
      redis (>= 3.3.5, < 5)
    sinatra (2.0.8.1)
      mustermann (~> 1.0)
      rack (~> 2.0)
      rack-protection (= 2.0.8.1)
      tilt (~> 2.0)
    sinatra-contrib (2.0.8.1)
      backports (>= 2.8.2)
      multi_json
      mustermann (~> 1.0)
      rack-protection (= 2.0.8.1)
      sinatra (= 2.0.8.1)
      tilt (~> 2.0)
    sinatra-router (0.2.4)
      sinatra (>= 1.4, < 3.0)
    sucker_punch (2.1.1)
      concurrent-ruby (~> 1.0)
    thor (0.20.3)
    thread_safe (0.3.6)
    tilt (2.0.10)
    tzinfo (1.2.7)
      thread_safe (~> 0.1)
    webmock (3.7.2)
      addressable (>= 2.3.6)
      crack (>= 0.3.2)
      hashdiff (>= 0.4.0, < 2.0.0)
    yard (0.9.25)

PLATFORMS
  ruby

DEPENDENCIES
  addressable
  blacklist_hash (~> 2.0.0)!
  clockwork
  committee (>= 3.0.1)
  database_cleaner
  dotenv
  erubis
  excon
  fabrication
  faker
  guard-rspec
  mail
  multi_json
  oj
  pg
  pliny (~> 0.27, >= 0.27.1)
  pry
  pry-byebug
  pry-doc
  puma (~> 3.12, >= 3.12.6)
  rack-ssl (>= 1.4.1)
  rack-test (>= 1.1.0)
  rack-timeout (~> 0.4)
  rake
  redcarpet
  rollbar
  rollbar-blanket (~> 1.0.0)!
  rspec
  sequel (~> 4.30)
  sequel-paranoid
  sequel_pg
  sidekiq (>= 5.2.5)
  sinatra (~> 2.0, >= 2.0.0)
  sinatra-contrib (~> 2.0)
  sinatra-router (>= 0.2.4)
  sucker_punch
  webmock (~> 3.5)

RUBY VERSION
   ruby 2.6.6p146

BUNDLED WITH
   2.1.4
